
Microsoft Visual Studio Solution File, Format Version 12.00
# Visual Studio 14
VisualStudioVersion = 14.0.24720.0
MinimumVisualStudioVersion = 10.0.40219.1
Project("{CC5FD16D-436D-48AD-A40C-5A424C6E3E79}") = "PetFinderAzure", "PetFinderAzure\PetFinderAzure.ccproj", "{28988662-DA74-435B-8BFF-1B85FAD21B95}"
EndProject
Project("{FAE04EC0-301F-11D3-BF4B-00C04F79EFBC}") = "PetFinderWebRole", "PetFinderWebRole\PetFinderWebRole.csproj", "{E444F9AA-80FC-4572-9BDE-607C36713227}"
EndProject
Project("{FAE04EC0-301F-11D3-BF4B-00C04F79EFBC}") = "PetFinderWorkerRole", "PetFinderWorkerRole\PetFinderWorkerRole.csproj", "{64EC4ACD-DFE2-477C-AB0E-5F0395C038E3}"
EndProject
Project("{FAE04EC0-301F-11D3-BF4B-00C04F79EFBC}") = "PetFinderAdsCommon", "PetFinderAdsCommon\PetFinderAdsCommon.csproj", "{00D94D68-98C6-4B52-A325-E2CA7CC698C1}"
EndProject
Global
	GlobalSection(SolutionConfigurationPlatforms) = preSolution
		Debug|Any CPU = Debug|Any CPU
		Release|Any CPU = Release|Any CPU
	EndGlobalSection
	GlobalSection(ProjectConfigurationPlatforms) = postSolution
		{28988662-DA74-435B-8BFF-1B85FAD21B95}.Debug|Any CPU.ActiveCfg = Debug|Any CPU
		{28988662-DA74-435B-8BFF-1B85FAD21B95}.Debug|Any CPU.Build.0 = Debug|Any CPU
		{28988662-DA74-435B-8BFF-1B85FAD21B95}.Release|Any CPU.ActiveCfg = Release|Any CPU
		{28988662-DA74-435B-8BFF-1B85FAD21B95}.Release|Any CPU.Build.0 = Release|Any CPU
		{E444F9AA-80FC-4572-9BDE-607C36713227}.Debug|Any CPU.ActiveCfg = Debug|Any CPU
		{E444F9AA-80FC-4572-9BDE-607C36713227}.Debug|Any CPU.Build.0 = Debug|Any CPU
		{E444F9AA-80FC-4572-9BDE-607C36713227}.Release|Any CPU.ActiveCfg = Release|Any CPU
		{E444F9AA-80FC-4572-9BDE-607C36713227}.Release|Any CPU.Build.0 = Release|Any CPU
		{64EC4ACD-DFE2-477C-AB0E-5F0395C038E3}.Debug|Any CPU.ActiveCfg = Debug|Any CPU
		{64EC4ACD-DFE2-477C-AB0E-5F0395C038E3}.Debug|Any CPU.Build.0 = Debug|Any CPU
		{64EC4ACD-DFE2-477C-AB0E-5F0395C038E3}.Release|Any CPU.ActiveCfg = Release|Any CPU
		{64EC4ACD-DFE2-477C-AB0E-5F0395C038E3}.Release|Any CPU.Build.0 = Release|Any CPU
		{00D94D68-98C6-4B52-A325-E2CA7CC698C1}.Debug|Any CPU.ActiveCfg = Debug|Any CPU
		{00D94D68-98C6-4B52-A325-E2CA7CC698C1}.Debug|Any CPU.Build.0 = Debug|Any CPU
		{00D94D68-98C6-4B52-A325-E2CA7CC698C1}.Release|Any CPU.ActiveCfg = Release|Any CPU
		{00D94D68-98C6-4B52-A325-E2CA7CC698C1}.Release|Any CPU.Build.0 = Release|Any CPU
	EndGlobalSection
	GlobalSection(SolutionProperties) = preSolution
		HideSolutionNode = FALSE
	EndGlobalSection
EndGlobal
